{
  "version": 4,
  "terraform_version": "1.6.5",
  "serial": 516,
  "lineage": "d5b3cdaa-1b58-dcbb-d080-f4062a61a8eb",
  "outputs": {
    "nashua-ip": {
      "value": "10.0.1.6",
      "type": "string"
    },
    "newyork-ip": {
      "value": "10.0.0.4",
      "type": "string"
    },
    "redirector-ip": {
      "value": "192.168.0.5",
      "type": "string"
    },
    "scranton-ip": {
      "value": "10.0.1.4",
      "type": "string"
    },
    "teamserver-ip": {
      "value": "192.168.0.4",
      "type": "string"
    },
    "utica-ip": {
      "value": "10.0.1.5",
      "type": "string"
    }
  },
  "resources": [
    {
      "mode": "data",
      "type": "template_file",
      "name": "user_data",
      "provider": "provider[\"registry.terraform.io/hashicorp/template\"]",
      "instances": [
        {
          "schema_version": 0,
          "attributes": {
            "filename": null,
            "id": "76c60deaca70dd69c97e2e2dd3cfba42d4677a479f83f7426ca245afecd09013",
            "rendered": "#cloud-config\n# vim: syntax=yaml\n#\n# ***********************\n# \t---- for more examples look at: ------\n# ---\u003e https://cloudinit.readthedocs.io/en/latest/topics/examples.html\n# ******************************\n#\n# This is the configuration syntax that the write_files module\n# will know how to understand. encoding can be given b64 or gzip or (gz+b64).\n# The content will be decoded accordingly and then written to the path that is\n# provided.\n#\n# Note: Content strings here are truncated for example purposes.\nssh_pwauth: True\nhostname: teamserver\nchpasswd:\n  list: |\n     root: $6$rounds=4096$VWYFEWzPPYuQnC2R$/fpeQ6.RWaXCpdaDe6mtNxGdU9vGQ39OU9GqHlClecUx69QV8vuYdIGYj7ybiauD.h9V2EqOhCC7QsotFpNj9/ \n  expire: False\n\nusers:\n  - name: hera \n    primary_group: hera\n    groups: users, admin\n    lock_passwd: false\n    passwd: $6$rounds=4096$VWYFEWzPPYuQnC2R$/fpeQ6.RWaXCpdaDe6mtNxGdU9vGQ39OU9GqHlClecUx69QV8vuYdIGYj7ybiauD.h9V2EqOhCC7QsotFpNj9/ # mkpasswd --method=SHA-512 --rounds=4096\n    sudo: ['ALL=(ALL) NOPASSWD:ALL']\n    shell: /bin/bash\n    groups: wheel\n",
            "template": "#cloud-config\n# vim: syntax=yaml\n#\n# ***********************\n# \t---- for more examples look at: ------\n# ---\u003e https://cloudinit.readthedocs.io/en/latest/topics/examples.html\n# ******************************\n#\n# This is the configuration syntax that the write_files module\n# will know how to understand. encoding can be given b64 or gzip or (gz+b64).\n# The content will be decoded accordingly and then written to the path that is\n# provided.\n#\n# Note: Content strings here are truncated for example purposes.\nssh_pwauth: True\nhostname: teamserver\nchpasswd:\n  list: |\n     root: $6$rounds=4096$VWYFEWzPPYuQnC2R$/fpeQ6.RWaXCpdaDe6mtNxGdU9vGQ39OU9GqHlClecUx69QV8vuYdIGYj7ybiauD.h9V2EqOhCC7QsotFpNj9/ \n  expire: False\n\nusers:\n  - name: hera \n    primary_group: hera\n    groups: users, admin\n    lock_passwd: false\n    passwd: $6$rounds=4096$VWYFEWzPPYuQnC2R$/fpeQ6.RWaXCpdaDe6mtNxGdU9vGQ39OU9GqHlClecUx69QV8vuYdIGYj7ybiauD.h9V2EqOhCC7QsotFpNj9/ # mkpasswd --method=SHA-512 --rounds=4096\n    sudo: ['ALL=(ALL) NOPASSWD:ALL']\n    shell: /bin/bash\n    groups: wheel\n",
            "vars": null
          },
          "sensitive_attributes": []
        }
      ]
    },
    {
      "mode": "managed",
      "type": "libvirt_cloudinit_disk",
      "name": "commoninit",
      "provider": "provider[\"registry.terraform.io/dmacvicar/libvirt\"]",
      "instances": [
        {
          "schema_version": 0,
          "attributes": {
            "id": "/var/lib/libvirt/images/commoninit.iso;85d362bf-5dbc-4291-8771-63381f966a50",
            "meta_data": "",
            "name": "commoninit.iso",
            "network_config": "",
            "pool": "default",
            "user_data": "#cloud-config\n# vim: syntax=yaml\n#\n# ***********************\n# \t---- for more examples look at: ------\n# ---\u003e https://cloudinit.readthedocs.io/en/latest/topics/examples.html\n# ******************************\n#\n# This is the configuration syntax that the write_files module\n# will know how to understand. encoding can be given b64 or gzip or (gz+b64).\n# The content will be decoded accordingly and then written to the path that is\n# provided.\n#\n# Note: Content strings here are truncated for example purposes.\nssh_pwauth: True\nhostname: teamserver\nchpasswd:\n  list: |\n     root: $6$rounds=4096$VWYFEWzPPYuQnC2R$/fpeQ6.RWaXCpdaDe6mtNxGdU9vGQ39OU9GqHlClecUx69QV8vuYdIGYj7ybiauD.h9V2EqOhCC7QsotFpNj9/ \n  expire: False\n\nusers:\n  - name: hera \n    primary_group: hera\n    groups: users, admin\n    lock_passwd: false\n    passwd: $6$rounds=4096$VWYFEWzPPYuQnC2R$/fpeQ6.RWaXCpdaDe6mtNxGdU9vGQ39OU9GqHlClecUx69QV8vuYdIGYj7ybiauD.h9V2EqOhCC7QsotFpNj9/ # mkpasswd --method=SHA-512 --rounds=4096\n    sudo: ['ALL=(ALL) NOPASSWD:ALL']\n    shell: /bin/bash\n    groups: wheel\n"
          },
          "sensitive_attributes": [],
          "private": "bnVsbA==",
          "dependencies": [
            "data.template_file.user_data"
          ]
        }
      ]
    },
    {
      "mode": "managed",
      "type": "libvirt_domain",
      "name": "nashua",
      "provider": "provider[\"registry.terraform.io/dmacvicar/libvirt\"]",
      "instances": [
        {
          "schema_version": 0,
          "attributes": {
            "arch": "x86_64",
            "autostart": false,
            "boot_device": [],
            "cloudinit": null,
            "cmdline": null,
            "console": [
              {
                "source_host": "127.0.0.1",
                "source_path": "",
                "source_service": "0",
                "target_port": "0",
                "target_type": "serial",
                "type": "pty"
              }
            ],
            "coreos_ignition": null,
            "cpu": [
              {
                "mode": "custom"
              }
            ],
            "description": "",
            "disk": [
              {
                "block_device": "",
                "file": "",
                "scsi": false,
                "url": "",
                "volume_id": "/var/lib/libvirt/images/nashua-windows10-22h2-qcow2",
                "wwn": ""
              }
            ],
            "emulator": "/usr/bin/qemu-system-x86_64",
            "filesystem": [],
            "firmware": null,
            "fw_cfg_name": "opt/com.coreos/config",
            "graphics": [
              {
                "autoport": true,
                "listen_address": "127.0.0.1",
                "listen_type": "address",
                "type": "spice",
                "websocket": 0
              }
            ],
            "id": "f566f103-a6ab-4118-91c9-dc6641b7d2b0",
            "initrd": "",
            "kernel": "",
            "machine": "ubuntu",
            "memory": 4096,
            "metadata": null,
            "name": "NASHUA",
            "network_interface": [
              {
                "addresses": [],
                "bridge": "",
                "hostname": "NASHUA",
                "mac": "52:54:00:BE:F4:17",
                "macvtap": "",
                "network_id": "40ddba9a-dd74-48d5-bc26-2999756dfc38",
                "network_name": "snet-branches",
                "passthrough": "",
                "vepa": "",
                "wait_for_lease": false
              }
            ],
            "nvram": [],
            "qemu_agent": false,
            "running": true,
            "timeouts": null,
            "tpm": [],
            "type": "kvm",
            "vcpu": 2,
            "video": [],
            "xml": [
              {
                "xslt": "\u003c?xml version=\"1.0\"?\u003e\n\u003cxsl:stylesheet version=\"1.0\"\n                xmlns:xsl=\"http://www.w3.org/1999/XSL/Transform\"\u003e\n  \u003cxsl:output omit-xml-declaration=\"yes\" indent=\"yes\"/\u003e\n  \u003cxsl:template match=\"node()|@*\"\u003e\n      \u003cxsl:copy\u003e\n         \u003cxsl:apply-templates select=\"node()|@*\"/\u003e\n      \u003c/xsl:copy\u003e\n   \u003c/xsl:template\u003e\n\n  \u003cxsl:template match=\"/domain/devices\"\u003e\n    \u003cxsl:copy\u003e\n        \u003cxsl:apply-templates select=\"node()|@*\"/\u003e\n            \u003cxsl:element name =\"input\"\u003e\n                \u003cxsl:attribute name=\"type\"\u003etablet\u003c/xsl:attribute\u003e\n                \u003cxsl:attribute name=\"bus\"\u003eusb\u003c/xsl:attribute\u003e\n                \u003cxsl:element name=\"alias\"\u003e\n                    \u003cxsl:attribute name=\"name\"\u003einput0\u003c/xsl:attribute\u003e\n                \u003c/xsl:element\u003e\n                \u003cxsl:element name=\"address\"\u003e\n                    \u003cxsl:attribute name=\"type\"\u003eusb\u003c/xsl:attribute\u003e\n                    \u003cxsl:attribute name=\"bus\"\u003e0\u003c/xsl:attribute\u003e\n                    \u003cxsl:attribute name=\"port\"\u003e1\u003c/xsl:attribute\u003e\n                \u003c/xsl:element\u003e\n            \u003c/xsl:element\u003e\n    \u003c/xsl:copy\u003e\n  \u003c/xsl:template\u003e\n\n\u003c/xsl:stylesheet\u003e\n"
              }
            ]
          },
          "sensitive_attributes": [],
          "private": "eyJlMmJmYjczMC1lY2FhLTExZTYtOGY4OC0zNDM2M2JjN2M0YzAiOnsiY3JlYXRlIjozMDAwMDAwMDAwMDB9fQ==",
          "dependencies": [
            "libvirt_volume.nashua-windows10-22h2-qcow2"
          ]
        }
      ]
    },
    {
      "mode": "managed",
      "type": "libvirt_domain",
      "name": "newyork",
      "provider": "provider[\"registry.terraform.io/dmacvicar/libvirt\"]",
      "instances": [
        {
          "schema_version": 0,
          "attributes": {
            "arch": "x86_64",
            "autostart": false,
            "boot_device": [],
            "cloudinit": null,
            "cmdline": null,
            "console": [
              {
                "source_host": "127.0.0.1",
                "source_path": "",
                "source_service": "0",
                "target_port": "0",
                "target_type": "serial",
                "type": "pty"
              }
            ],
            "coreos_ignition": null,
            "cpu": [
              {
                "mode": "custom"
              }
            ],
            "description": "",
            "disk": [
              {
                "block_device": "",
                "file": "",
                "scsi": false,
                "url": "",
                "volume_id": "/var/lib/libvirt/images/newyork-windows10-qcow2",
                "wwn": ""
              }
            ],
            "emulator": "/usr/bin/qemu-system-x86_64",
            "filesystem": [],
            "firmware": null,
            "fw_cfg_name": "opt/com.coreos/config",
            "graphics": [
              {
                "autoport": true,
                "listen_address": "127.0.0.1",
                "listen_type": "address",
                "type": "spice",
                "websocket": 0
              }
            ],
            "id": "374d9a04-d357-4999-82aa-13aa0df41511",
            "initrd": "",
            "kernel": "",
            "machine": "ubuntu",
            "memory": 4096,
            "metadata": null,
            "name": "NEWYORK",
            "network_interface": [
              {
                "addresses": [],
                "bridge": "",
                "hostname": "NEWYORK",
                "mac": "52:54:00:FA:62:01",
                "macvtap": "",
                "network_id": "ba5da27b-0ec9-45a2-93a7-44a3c35dcec4",
                "network_name": "snet-corporate-warehouse",
                "passthrough": "",
                "vepa": "",
                "wait_for_lease": false
              }
            ],
            "nvram": [],
            "qemu_agent": false,
            "running": true,
            "timeouts": null,
            "tpm": [],
            "type": "kvm",
            "vcpu": 2,
            "video": [],
            "xml": [
              {
                "xslt": "\u003c?xml version=\"1.0\"?\u003e\n\u003cxsl:stylesheet version=\"1.0\"\n                xmlns:xsl=\"http://www.w3.org/1999/XSL/Transform\"\u003e\n  \u003cxsl:output omit-xml-declaration=\"yes\" indent=\"yes\"/\u003e\n  \u003cxsl:template match=\"node()|@*\"\u003e\n      \u003cxsl:copy\u003e\n         \u003cxsl:apply-templates select=\"node()|@*\"/\u003e\n      \u003c/xsl:copy\u003e\n   \u003c/xsl:template\u003e\n\n  \u003cxsl:template match=\"/domain/devices\"\u003e\n    \u003cxsl:copy\u003e\n        \u003cxsl:apply-templates select=\"node()|@*\"/\u003e\n            \u003cxsl:element name =\"input\"\u003e\n                \u003cxsl:attribute name=\"type\"\u003etablet\u003c/xsl:attribute\u003e\n                \u003cxsl:attribute name=\"bus\"\u003eusb\u003c/xsl:attribute\u003e\n                \u003cxsl:element name=\"alias\"\u003e\n                    \u003cxsl:attribute name=\"name\"\u003einput0\u003c/xsl:attribute\u003e\n                \u003c/xsl:element\u003e\n                \u003cxsl:element name=\"address\"\u003e\n                    \u003cxsl:attribute name=\"type\"\u003eusb\u003c/xsl:attribute\u003e\n                    \u003cxsl:attribute name=\"bus\"\u003e0\u003c/xsl:attribute\u003e\n                    \u003cxsl:attribute name=\"port\"\u003e1\u003c/xsl:attribute\u003e\n                \u003c/xsl:element\u003e\n            \u003c/xsl:element\u003e\n    \u003c/xsl:copy\u003e\n  \u003c/xsl:template\u003e\n\n\u003c/xsl:stylesheet\u003e\n"
              }
            ]
          },
          "sensitive_attributes": [],
          "private": "eyJlMmJmYjczMC1lY2FhLTExZTYtOGY4OC0zNDM2M2JjN2M0YzAiOnsiY3JlYXRlIjozMDAwMDAwMDAwMDB9fQ==",
          "dependencies": [
            "libvirt_volume.newyork-windows2019-qcow2"
          ]
        }
      ]
    },
    {
      "mode": "managed",
      "type": "libvirt_domain",
      "name": "redirector",
      "provider": "provider[\"registry.terraform.io/dmacvicar/libvirt\"]",
      "instances": [
        {
          "schema_version": 0,
          "attributes": {
            "arch": "x86_64",
            "autostart": false,
            "boot_device": [],
            "cloudinit": "/var/lib/libvirt/images/commoninit.iso;85d362bf-5dbc-4291-8771-63381f966a50",
            "cmdline": null,
            "console": [
              {
                "source_host": "127.0.0.1",
                "source_path": "",
                "source_service": "0",
                "target_port": "0",
                "target_type": "serial",
                "type": "pty"
              }
            ],
            "coreos_ignition": null,
            "cpu": [
              {
                "mode": "custom"
              }
            ],
            "description": "",
            "disk": [
              {
                "block_device": "",
                "file": "",
                "scsi": false,
                "url": "",
                "volume_id": "/var/lib/libvirt/images/redirector-ubuntu22.04.qcow2",
                "wwn": ""
              }
            ],
            "emulator": "/usr/bin/qemu-system-x86_64",
            "filesystem": [],
            "firmware": null,
            "fw_cfg_name": "opt/com.coreos/config",
            "graphics": [
              {
                "autoport": true,
                "listen_address": "127.0.0.1",
                "listen_type": "address",
                "type": "spice",
                "websocket": 0
              }
            ],
            "id": "a72adfae-7f5f-4817-9798-274579d24b7c",
            "initrd": "",
            "kernel": "",
            "machine": "ubuntu",
            "memory": 4096,
            "metadata": null,
            "name": "REDIRECTOR",
            "network_interface": [
              {
                "addresses": [],
                "bridge": "",
                "hostname": "REDIRECTOR",
                "mac": "52:54:00:9E:C9:29",
                "macvtap": "",
                "network_id": "f4d62fac-c5d3-4ecd-ba18-78a94fe4d54b",
                "network_name": "snet-attacker",
                "passthrough": "",
                "vepa": "",
                "wait_for_lease": false
              }
            ],
            "nvram": [],
            "qemu_agent": false,
            "running": true,
            "timeouts": null,
            "tpm": [],
            "type": "kvm",
            "vcpu": 2,
            "video": [],
            "xml": []
          },
          "sensitive_attributes": [],
          "private": "eyJlMmJmYjczMC1lY2FhLTExZTYtOGY4OC0zNDM2M2JjN2M0YzAiOnsiY3JlYXRlIjozMDAwMDAwMDAwMDB9fQ==",
          "dependencies": [
            "data.template_file.user_data",
            "libvirt_cloudinit_disk.commoninit",
            "libvirt_volume.redirector-ubuntu22-04-qcow2"
          ]
        }
      ]
    },
    {
      "mode": "managed",
      "type": "libvirt_domain",
      "name": "scranton",
      "provider": "provider[\"registry.terraform.io/dmacvicar/libvirt\"]",
      "instances": [
        {
          "schema_version": 0,
          "attributes": {
            "arch": "x86_64",
            "autostart": false,
            "boot_device": [],
            "cloudinit": null,
            "cmdline": null,
            "console": [
              {
                "source_host": "127.0.0.1",
                "source_path": "",
                "source_service": "0",
                "target_port": "0",
                "target_type": "serial",
                "type": "pty"
              }
            ],
            "coreos_ignition": null,
            "cpu": [
              {
                "mode": "custom"
              }
            ],
            "description": "",
            "disk": [
              {
                "block_device": "",
                "file": "",
                "scsi": false,
                "url": "",
                "volume_id": "/var/lib/libvirt/images/scranton-windows10-22h2-qcow2",
                "wwn": ""
              }
            ],
            "emulator": "/usr/bin/qemu-system-x86_64",
            "filesystem": [],
            "firmware": null,
            "fw_cfg_name": "opt/com.coreos/config",
            "graphics": [
              {
                "autoport": true,
                "listen_address": "127.0.0.1",
                "listen_type": "address",
                "type": "spice",
                "websocket": 0
              }
            ],
            "id": "9c4e1664-0ff5-4bfc-9a12-130ded0a5e42",
            "initrd": "",
            "kernel": "",
            "machine": "ubuntu",
            "memory": 4096,
            "metadata": null,
            "name": "SCRANTON",
            "network_interface": [
              {
                "addresses": [],
                "bridge": "",
                "hostname": "SCRANTON",
                "mac": "52:54:00:36:92:F6",
                "macvtap": "",
                "network_id": "40ddba9a-dd74-48d5-bc26-2999756dfc38",
                "network_name": "snet-branches",
                "passthrough": "",
                "vepa": "",
                "wait_for_lease": false
              }
            ],
            "nvram": [],
            "qemu_agent": false,
            "running": true,
            "timeouts": null,
            "tpm": [],
            "type": "kvm",
            "vcpu": 2,
            "video": [],
            "xml": [
              {
                "xslt": "\u003c?xml version=\"1.0\"?\u003e\n\u003cxsl:stylesheet version=\"1.0\"\n                xmlns:xsl=\"http://www.w3.org/1999/XSL/Transform\"\u003e\n  \u003cxsl:output omit-xml-declaration=\"yes\" indent=\"yes\"/\u003e\n  \u003cxsl:template match=\"node()|@*\"\u003e\n      \u003cxsl:copy\u003e\n         \u003cxsl:apply-templates select=\"node()|@*\"/\u003e\n      \u003c/xsl:copy\u003e\n   \u003c/xsl:template\u003e\n\n  \u003cxsl:template match=\"/domain/devices\"\u003e\n    \u003cxsl:copy\u003e\n        \u003cxsl:apply-templates select=\"node()|@*\"/\u003e\n            \u003cxsl:element name =\"input\"\u003e\n                \u003cxsl:attribute name=\"type\"\u003etablet\u003c/xsl:attribute\u003e\n                \u003cxsl:attribute name=\"bus\"\u003eusb\u003c/xsl:attribute\u003e\n                \u003cxsl:element name=\"alias\"\u003e\n                    \u003cxsl:attribute name=\"name\"\u003einput0\u003c/xsl:attribute\u003e\n                \u003c/xsl:element\u003e\n                \u003cxsl:element name=\"address\"\u003e\n                    \u003cxsl:attribute name=\"type\"\u003eusb\u003c/xsl:attribute\u003e\n                    \u003cxsl:attribute name=\"bus\"\u003e0\u003c/xsl:attribute\u003e\n                    \u003cxsl:attribute name=\"port\"\u003e1\u003c/xsl:attribute\u003e\n                \u003c/xsl:element\u003e\n            \u003c/xsl:element\u003e\n    \u003c/xsl:copy\u003e\n  \u003c/xsl:template\u003e\n\n\u003c/xsl:stylesheet\u003e\n"
              }
            ]
          },
          "sensitive_attributes": [],
          "private": "eyJlMmJmYjczMC1lY2FhLTExZTYtOGY4OC0zNDM2M2JjN2M0YzAiOnsiY3JlYXRlIjozMDAwMDAwMDAwMDB9fQ==",
          "dependencies": [
            "libvirt_volume.scranton-windows10-22h2-qcow2"
          ]
        }
      ]
    },
    {
      "mode": "managed",
      "type": "libvirt_domain",
      "name": "teamserver",
      "provider": "provider[\"registry.terraform.io/dmacvicar/libvirt\"]",
      "instances": [
        {
          "schema_version": 0,
          "attributes": {
            "arch": "x86_64",
            "autostart": false,
            "boot_device": [],
            "cloudinit": "/var/lib/libvirt/images/commoninit.iso;85d362bf-5dbc-4291-8771-63381f966a50",
            "cmdline": null,
            "console": [
              {
                "source_host": "127.0.0.1",
                "source_path": "",
                "source_service": "0",
                "target_port": "0",
                "target_type": "serial",
                "type": "pty"
              }
            ],
            "coreos_ignition": null,
            "cpu": [
              {
                "mode": "custom"
              }
            ],
            "description": "",
            "disk": [
              {
                "block_device": "",
                "file": "",
                "scsi": false,
                "url": "",
                "volume_id": "/var/lib/libvirt/images/teamserver-ubuntu22.04.qcow2",
                "wwn": ""
              }
            ],
            "emulator": "/usr/bin/qemu-system-x86_64",
            "filesystem": [],
            "firmware": null,
            "fw_cfg_name": "opt/com.coreos/config",
            "graphics": [
              {
                "autoport": true,
                "listen_address": "127.0.0.1",
                "listen_type": "address",
                "type": "spice",
                "websocket": 0
              }
            ],
            "id": "ddcb3c3d-f106-4710-a1ec-3bfcb1de65cb",
            "initrd": "",
            "kernel": "",
            "machine": "ubuntu",
            "memory": 4096,
            "metadata": null,
            "name": "TEAMSERVER",
            "network_interface": [
              {
                "addresses": [],
                "bridge": "",
                "hostname": "TEAMSERVER",
                "mac": "52:54:00:CA:A5:92",
                "macvtap": "",
                "network_id": "f4d62fac-c5d3-4ecd-ba18-78a94fe4d54b",
                "network_name": "snet-attacker",
                "passthrough": "",
                "vepa": "",
                "wait_for_lease": false
              }
            ],
            "nvram": [],
            "qemu_agent": false,
            "running": true,
            "timeouts": null,
            "tpm": [],
            "type": "kvm",
            "vcpu": 2,
            "video": [],
            "xml": []
          },
          "sensitive_attributes": [],
          "private": "eyJlMmJmYjczMC1lY2FhLTExZTYtOGY4OC0zNDM2M2JjN2M0YzAiOnsiY3JlYXRlIjozMDAwMDAwMDAwMDB9fQ==",
          "dependencies": [
            "data.template_file.user_data",
            "libvirt_cloudinit_disk.commoninit",
            "libvirt_volume.teamserver-ubuntu22-04-qcow2"
          ]
        }
      ]
    },
    {
      "mode": "managed",
      "type": "libvirt_domain",
      "name": "utica",
      "provider": "provider[\"registry.terraform.io/dmacvicar/libvirt\"]",
      "instances": [
        {
          "schema_version": 0,
          "attributes": {
            "arch": "x86_64",
            "autostart": false,
            "boot_device": [],
            "cloudinit": null,
            "cmdline": null,
            "console": [
              {
                "source_host": "127.0.0.1",
                "source_path": "",
                "source_service": "0",
                "target_port": "0",
                "target_type": "serial",
                "type": "pty"
              }
            ],
            "coreos_ignition": null,
            "cpu": [
              {
                "mode": "custom"
              }
            ],
            "description": "",
            "disk": [
              {
                "block_device": "",
                "file": "",
                "scsi": false,
                "url": "",
                "volume_id": "/var/lib/libvirt/images/utica-nashua-windows10-22h2-qcow2",
                "wwn": ""
              }
            ],
            "emulator": "/usr/bin/qemu-system-x86_64",
            "filesystem": [],
            "firmware": null,
            "fw_cfg_name": "opt/com.coreos/config",
            "graphics": [
              {
                "autoport": true,
                "listen_address": "127.0.0.1",
                "listen_type": "address",
                "type": "spice",
                "websocket": 0
              }
            ],
            "id": "e467501b-848f-45b8-a93a-b97e39fa6b4d",
            "initrd": "",
            "kernel": "",
            "machine": "ubuntu",
            "memory": 4096,
            "metadata": null,
            "name": "UTICA",
            "network_interface": [
              {
                "addresses": [],
                "bridge": "",
                "hostname": "UTICA",
                "mac": "52:54:00:62:84:BD",
                "macvtap": "",
                "network_id": "40ddba9a-dd74-48d5-bc26-2999756dfc38",
                "network_name": "snet-branches",
                "passthrough": "",
                "vepa": "",
                "wait_for_lease": false
              }
            ],
            "nvram": [],
            "qemu_agent": false,
            "running": true,
            "timeouts": null,
            "tpm": [],
            "type": "kvm",
            "vcpu": 2,
            "video": [],
            "xml": [
              {
                "xslt": "\u003c?xml version=\"1.0\"?\u003e\n\u003cxsl:stylesheet version=\"1.0\"\n                xmlns:xsl=\"http://www.w3.org/1999/XSL/Transform\"\u003e\n  \u003cxsl:output omit-xml-declaration=\"yes\" indent=\"yes\"/\u003e\n  \u003cxsl:template match=\"node()|@*\"\u003e\n      \u003cxsl:copy\u003e\n         \u003cxsl:apply-templates select=\"node()|@*\"/\u003e\n      \u003c/xsl:copy\u003e\n   \u003c/xsl:template\u003e\n\n  \u003cxsl:template match=\"/domain/devices\"\u003e\n    \u003cxsl:copy\u003e\n        \u003cxsl:apply-templates select=\"node()|@*\"/\u003e\n            \u003cxsl:element name =\"input\"\u003e\n                \u003cxsl:attribute name=\"type\"\u003etablet\u003c/xsl:attribute\u003e\n                \u003cxsl:attribute name=\"bus\"\u003eusb\u003c/xsl:attribute\u003e\n                \u003cxsl:element name=\"alias\"\u003e\n                    \u003cxsl:attribute name=\"name\"\u003einput0\u003c/xsl:attribute\u003e\n                \u003c/xsl:element\u003e\n                \u003cxsl:element name=\"address\"\u003e\n                    \u003cxsl:attribute name=\"type\"\u003eusb\u003c/xsl:attribute\u003e\n                    \u003cxsl:attribute name=\"bus\"\u003e0\u003c/xsl:attribute\u003e\n                    \u003cxsl:attribute name=\"port\"\u003e1\u003c/xsl:attribute\u003e\n                \u003c/xsl:element\u003e\n            \u003c/xsl:element\u003e\n    \u003c/xsl:copy\u003e\n  \u003c/xsl:template\u003e\n\n\u003c/xsl:stylesheet\u003e\n"
              }
            ]
          },
          "sensitive_attributes": [],
          "private": "eyJlMmJmYjczMC1lY2FhLTExZTYtOGY4OC0zNDM2M2JjN2M0YzAiOnsiY3JlYXRlIjozMDAwMDAwMDAwMDB9fQ==",
          "dependencies": [
            "libvirt_volume.utica-windows10-22h2-qcow2"
          ]
        }
      ]
    },
    {
      "mode": "managed",
      "type": "libvirt_network",
      "name": "snet-attacker",
      "provider": "provider[\"registry.terraform.io/dmacvicar/libvirt\"]",
      "instances": [
        {
          "schema_version": 0,
          "attributes": {
            "addresses": [
              "192.168.0.0/24"
            ],
            "autostart": true,
            "bridge": "virbr3",
            "dhcp": [
              {
                "enabled": false
              }
            ],
            "dns": [
              {
                "enabled": false,
                "forwarders": [],
                "hosts": [],
                "local_only": false,
                "srvs": []
              }
            ],
            "dnsmasq_options": [],
            "domain": null,
            "id": "f4d62fac-c5d3-4ecd-ba18-78a94fe4d54b",
            "mode": "none",
            "mtu": null,
            "name": "snet-attacker",
            "routes": [],
            "xml": []
          },
          "sensitive_attributes": [],
          "private": "bnVsbA=="
        }
      ]
    },
    {
      "mode": "managed",
      "type": "libvirt_network",
      "name": "snet-branches",
      "provider": "provider[\"registry.terraform.io/dmacvicar/libvirt\"]",
      "instances": [
        {
          "schema_version": 0,
          "attributes": {
            "addresses": [
              "10.0.1.0/24"
            ],
            "autostart": true,
            "bridge": "virbr1",
            "dhcp": [
              {
                "enabled": false
              }
            ],
            "dns": [
              {
                "enabled": false,
                "forwarders": [],
                "hosts": [],
                "local_only": false,
                "srvs": []
              }
            ],
            "dnsmasq_options": [],
            "domain": null,
            "id": "40ddba9a-dd74-48d5-bc26-2999756dfc38",
            "mode": "none",
            "mtu": null,
            "name": "snet-branches",
            "routes": [],
            "xml": []
          },
          "sensitive_attributes": [],
          "private": "bnVsbA=="
        }
      ]
    },
    {
      "mode": "managed",
      "type": "libvirt_network",
      "name": "snet-corporate-warehouse",
      "provider": "provider[\"registry.terraform.io/dmacvicar/libvirt\"]",
      "instances": [
        {
          "schema_version": 0,
          "attributes": {
            "addresses": [
              "10.0.0.0/24"
            ],
            "autostart": true,
            "bridge": "virbr2",
            "dhcp": [
              {
                "enabled": false
              }
            ],
            "dns": [
              {
                "enabled": false,
                "forwarders": [],
                "hosts": [],
                "local_only": false,
                "srvs": []
              }
            ],
            "dnsmasq_options": [],
            "domain": null,
            "id": "ba5da27b-0ec9-45a2-93a7-44a3c35dcec4",
            "mode": "none",
            "mtu": null,
            "name": "snet-corporate-warehouse",
            "routes": [],
            "xml": []
          },
          "sensitive_attributes": [],
          "private": "bnVsbA=="
        }
      ]
    },
    {
      "mode": "managed",
      "type": "libvirt_volume",
      "name": "nashua-windows10-22h2-qcow2",
      "provider": "provider[\"registry.terraform.io/dmacvicar/libvirt\"]",
      "instances": [
        {
          "schema_version": 0,
          "attributes": {
            "base_volume_id": null,
            "base_volume_name": null,
            "base_volume_pool": null,
            "format": "qcow2",
            "id": "/var/lib/libvirt/images/nashua-windows10-22h2-qcow2",
            "name": "nashua-windows10-22h2-qcow2",
            "pool": "default",
            "size": 32212254720,
            "source": "../base_images/windows10_22H2/windows-10-22h2.qcow2",
            "xml": []
          },
          "sensitive_attributes": [],
          "private": "bnVsbA=="
        }
      ]
    },
    {
      "mode": "managed",
      "type": "libvirt_volume",
      "name": "newyork-windows2019-qcow2",
      "provider": "provider[\"registry.terraform.io/dmacvicar/libvirt\"]",
      "instances": [
        {
          "schema_version": 0,
          "attributes": {
            "base_volume_id": null,
            "base_volume_name": null,
            "base_volume_pool": null,
            "format": "qcow2",
            "id": "/var/lib/libvirt/images/newyork-windows10-qcow2",
            "name": "newyork-windows10-qcow2",
            "pool": "default",
            "size": 32212254720,
            "source": "../base_images/windows2019/windows-server-2019.qcow2",
            "xml": []
          },
          "sensitive_attributes": [],
          "private": "bnVsbA=="
        }
      ]
    },
    {
      "mode": "managed",
      "type": "libvirt_volume",
      "name": "redirector-ubuntu22-04-qcow2",
      "provider": "provider[\"registry.terraform.io/dmacvicar/libvirt\"]",
      "instances": [
        {
          "schema_version": 0,
          "attributes": {
            "base_volume_id": null,
            "base_volume_name": null,
            "base_volume_pool": null,
            "format": "qcow2",
            "id": "/var/lib/libvirt/images/redirector-ubuntu22.04.qcow2",
            "name": "redirector-ubuntu22.04.qcow2",
            "pool": "default",
            "size": 3758096384,
            "source": "/mnt/lab/images/noble-server-cloudimg-amd64.img",
            "xml": []
          },
          "sensitive_attributes": [],
          "private": "bnVsbA=="
        }
      ]
    },
    {
      "mode": "managed",
      "type": "libvirt_volume",
      "name": "scranton-windows10-22h2-qcow2",
      "provider": "provider[\"registry.terraform.io/dmacvicar/libvirt\"]",
      "instances": [
        {
          "schema_version": 0,
          "attributes": {
            "base_volume_id": null,
            "base_volume_name": null,
            "base_volume_pool": null,
            "format": "qcow2",
            "id": "/var/lib/libvirt/images/scranton-windows10-22h2-qcow2",
            "name": "scranton-windows10-22h2-qcow2",
            "pool": "default",
            "size": 32212254720,
            "source": "../base_images/windows10_22H2/windows-10-22h2.qcow2",
            "xml": []
          },
          "sensitive_attributes": [],
          "private": "bnVsbA=="
        }
      ]
    },
    {
      "mode": "managed",
      "type": "libvirt_volume",
      "name": "teamserver-ubuntu22-04-qcow2",
      "provider": "provider[\"registry.terraform.io/dmacvicar/libvirt\"]",
      "instances": [
        {
          "schema_version": 0,
          "attributes": {
            "base_volume_id": null,
            "base_volume_name": null,
            "base_volume_pool": null,
            "format": "qcow2",
            "id": "/var/lib/libvirt/images/teamserver-ubuntu22.04.qcow2",
            "name": "teamserver-ubuntu22.04.qcow2",
            "pool": "default",
            "size": 3758096384,
            "source": "/mnt/lab/images/noble-server-cloudimg-amd64.img",
            "xml": []
          },
          "sensitive_attributes": [],
          "private": "bnVsbA=="
        }
      ]
    },
    {
      "mode": "managed",
      "type": "libvirt_volume",
      "name": "utica-windows10-22h2-qcow2",
      "provider": "provider[\"registry.terraform.io/dmacvicar/libvirt\"]",
      "instances": [
        {
          "schema_version": 0,
          "attributes": {
            "base_volume_id": null,
            "base_volume_name": null,
            "base_volume_pool": null,
            "format": "qcow2",
            "id": "/var/lib/libvirt/images/utica-nashua-windows10-22h2-qcow2",
            "name": "utica-nashua-windows10-22h2-qcow2",
            "pool": "default",
            "size": 32212254720,
            "source": "../base_images/windows10_22H2/windows-10-22h2.qcow2",
            "xml": []
          },
          "sensitive_attributes": [],
          "private": "bnVsbA=="
        }
      ]
    }
  ],
  "check_results": null
}
